// !$*UTF8*$!
{
	archiveVersion = 1;
	classes = {
	};
	objectVersion = 46;
	objects = {

/* Begin PBXBuildFile section */
		E20F697E187F04870014D5EE /* AATTFilteredMessageBatch.m in Sources */ = {isa = PBXBuildFile; fileRef = E20F697D187F04870014D5EE /* AATTFilteredMessageBatch.m */; };
		E20F6981187F07FA0014D5EE /* AATTFilteredMessageBatch.m in Sources */ = {isa = PBXBuildFile; fileRef = E20F697D187F04870014D5EE /* AATTFilteredMessageBatch.m */; };
		E20F6982187F082A0014D5EE /* AATTChannelSpec.m in Sources */ = {isa = PBXBuildFile; fileRef = E24F29681869684000957D43 /* AATTChannelSpec.m */; };
		E20F6983187F082A0014D5EE /* AATTChannelSpecSet.m in Sources */ = {isa = PBXBuildFile; fileRef = E23FCAE41874F838009FFDFC /* AATTChannelSpecSet.m */; };
		E20F6984187F082A0014D5EE /* AATTChannelRefreshResult.m in Sources */ = {isa = PBXBuildFile; fileRef = E23FCAEF18751E38009FFDFC /* AATTChannelRefreshResult.m */; };
		E20F6985187F082A0014D5EE /* AATTChannelRefreshResultSet.m in Sources */ = {isa = PBXBuildFile; fileRef = E23FCAEC18751D97009FFDFC /* AATTChannelRefreshResultSet.m */; };
		E20F6986187F082A0014D5EE /* AATTChannelSyncManager.m in Sources */ = {isa = PBXBuildFile; fileRef = E24F2965186966E600957D43 /* AATTChannelSyncManager.m */; };
		E23FCAE51874F838009FFDFC /* AATTChannelSpecSet.m in Sources */ = {isa = PBXBuildFile; fileRef = E23FCAE41874F838009FFDFC /* AATTChannelSpecSet.m */; };
		E23FCAEA18750315009FFDFC /* AATTTargetWithActionChannelsSpecSet.m in Sources */ = {isa = PBXBuildFile; fileRef = E23FCAE918750315009FFDFC /* AATTTargetWithActionChannelsSpecSet.m */; };
		E23FCAED18751D97009FFDFC /* AATTChannelRefreshResultSet.m in Sources */ = {isa = PBXBuildFile; fileRef = E23FCAEC18751D97009FFDFC /* AATTChannelRefreshResultSet.m */; };
		E23FCAF018751E38009FFDFC /* AATTChannelRefreshResult.m in Sources */ = {isa = PBXBuildFile; fileRef = E23FCAEF18751E38009FFDFC /* AATTChannelRefreshResult.m */; };
		E24F2515185A736700957D43 /* AATTPendingMessageDeletion.m in Sources */ = {isa = PBXBuildFile; fileRef = E24F2514185A736700957D43 /* AATTPendingMessageDeletion.m */; };
		E24F2885185BBED000957D43 /* Cocoa.framework in Frameworks */ = {isa = PBXBuildFile; fileRef = E24F2884185BBED000957D43 /* Cocoa.framework */; };
		E24F28FF185BC04500957D43 /* libsqlite3.dylib in Frameworks */ = {isa = PBXBuildFile; fileRef = E24F28FE185BC04500957D43 /* libsqlite3.dylib */; };
		E24F2900185BC05900957D43 /* ADNKit.framework in Frameworks */ = {isa = PBXBuildFile; fileRef = E2E5A71D1817FDC3009DECDB /* ADNKit.framework */; };
		E24F2902185BC07400957D43 /* CoreServices.framework in Frameworks */ = {isa = PBXBuildFile; fileRef = E24F2901185BC07400957D43 /* CoreServices.framework */; };
		E24F2904185BC07E00957D43 /* SystemConfiguration.framework in Frameworks */ = {isa = PBXBuildFile; fileRef = E24F2903185BC07E00957D43 /* SystemConfiguration.framework */; };
		E24F2906185BC08400957D43 /* Foundation.framework in Frameworks */ = {isa = PBXBuildFile; fileRef = E24F2905185BC08400957D43 /* Foundation.framework */; };
		E24F2907185BC13100957D43 /* NSOrderedDictionary.m in Sources */ = {isa = PBXBuildFile; fileRef = E29A83201822FF090057245C /* NSOrderedDictionary.m */; };
		E24F2908185BC13100957D43 /* FMDatabase.m in Sources */ = {isa = PBXBuildFile; fileRef = E29A82E01821B8AA0057245C /* FMDatabase.m */; };
		E24F2909185BC13100957D43 /* FMDatabaseAdditions.m in Sources */ = {isa = PBXBuildFile; fileRef = E29A82E21821B8AA0057245C /* FMDatabaseAdditions.m */; };
		E24F290A185BC13100957D43 /* FMDatabasePool.m in Sources */ = {isa = PBXBuildFile; fileRef = E29A82E41821B8AA0057245C /* FMDatabasePool.m */; };
		E24F290B185BC13100957D43 /* FMDatabaseQueue.m in Sources */ = {isa = PBXBuildFile; fileRef = E29A82E61821B8AA0057245C /* FMDatabaseQueue.m */; };
		E24F290C185BC13100957D43 /* fmdb.m in Sources */ = {isa = PBXBuildFile; fileRef = E29A82E71821B8AA0057245C /* fmdb.m */; };
		E24F290D185BC13100957D43 /* FMResultSet.m in Sources */ = {isa = PBXBuildFile; fileRef = E29A82E91821B8AA0057245C /* FMResultSet.m */; };
		E24F290E185BC13100957D43 /* AATTMessagePlus.m in Sources */ = {isa = PBXBuildFile; fileRef = E29A82FF1821C17E0057245C /* AATTMessagePlus.m */; };
		E24F290F185BC13100957D43 /* AATTDisplayLocation.m in Sources */ = {isa = PBXBuildFile; fileRef = E29A83021822B42D0057245C /* AATTDisplayLocation.m */; };
		E24F2910185BC13100957D43 /* AATTGeolocation.m in Sources */ = {isa = PBXBuildFile; fileRef = E2C751781825C2BF003BE00E /* AATTGeolocation.m */; };
		E24F2911185BC13100957D43 /* AATTBaseMessageInstances.m in Sources */ = {isa = PBXBuildFile; fileRef = E2BA21361825DE150023363A /* AATTBaseMessageInstances.m */; };
		E24F2912185BC13100957D43 /* AATTDisplayLocationInstances.m in Sources */ = {isa = PBXBuildFile; fileRef = E2BA213C1825DF6E0023363A /* AATTDisplayLocationInstances.m */; };
		E24F2913185BC13100957D43 /* AATTHashtagInstances.m in Sources */ = {isa = PBXBuildFile; fileRef = E2BA21511826CB5D0023363A /* AATTHashtagInstances.m */; };
		E24F2914185BC13100957D43 /* AATTPendingFile.m in Sources */ = {isa = PBXBuildFile; fileRef = E2D2F72C185220B000A72B8B /* AATTPendingFile.m */; };
		E24F2915185BC13100957D43 /* AATTPendingMessageDeletion.m in Sources */ = {isa = PBXBuildFile; fileRef = E24F2514185A736700957D43 /* AATTPendingMessageDeletion.m */; };
		E24F2916185BC13100957D43 /* AATTADNDatabase.m in Sources */ = {isa = PBXBuildFile; fileRef = E29A82DB1821B1070057245C /* AATTADNDatabase.m */; };
		E24F2917185BC13100957D43 /* AATTOrderedMessageBatch.m in Sources */ = {isa = PBXBuildFile; fileRef = E29A83051822B6650057245C /* AATTOrderedMessageBatch.m */; };
		E24F2918185BC13100957D43 /* AATTActionMessageSpec.m in Sources */ = {isa = PBXBuildFile; fileRef = E2D2F71D184FF26B00A72B8B /* AATTActionMessageSpec.m */; };
		E24F2919185BC13100957D43 /* NSObject+AATTPersistence.m in Sources */ = {isa = PBXBuildFile; fileRef = E287DA2B184E42670035CE71 /* NSObject+AATTPersistence.m */; };
		E24F291A185BC13100957D43 /* AATTADNPersistence.m in Sources */ = {isa = PBXBuildFile; fileRef = E287DA2E184E42A80035CE71 /* AATTADNPersistence.m */; };
		E24F291B185BC13100957D43 /* AATTMessageManager.m in Sources */ = {isa = PBXBuildFile; fileRef = E29A82C91821AE770057245C /* AATTMessageManager.m */; };
		E24F291C185BC13100957D43 /* AATTMessageManagerConfiguration.m in Sources */ = {isa = PBXBuildFile; fileRef = E29A82CC1821AEBC0057245C /* AATTMessageManagerConfiguration.m */; };
		E24F291D185BC13100957D43 /* AATTMinMaxPair.m in Sources */ = {isa = PBXBuildFile; fileRef = E29A8323182301F00057245C /* AATTMinMaxPair.m */; };
		E24F291E185BC13100957D43 /* AATTActionMessageManager.m in Sources */ = {isa = PBXBuildFile; fileRef = E287DA1B184BB8D50035CE71 /* AATTActionMessageManager.m */; };
		E24F291F185BC13100957D43 /* AATTADNFileManager.m in Sources */ = {isa = PBXBuildFile; fileRef = E2D2F72918521E7200A72B8B /* AATTADNFileManager.m */; };
		E24F2920185BC13100957D43 /* ANKClient+PrivateChannel.m in Sources */ = {isa = PBXBuildFile; fileRef = E2E5A738181805E6009DECDB /* ANKClient+PrivateChannel.m */; };
		E24F2921185BC13100957D43 /* ANKClient+AATTMessageManager.m in Sources */ = {isa = PBXBuildFile; fileRef = E29A830E1822C49D0057245C /* ANKClient+AATTMessageManager.m */; };
		E24F2922185BC13100957D43 /* ANKMessage+AATTAnnotationHelper.m in Sources */ = {isa = PBXBuildFile; fileRef = E29A83141822D15D0057245C /* ANKMessage+AATTAnnotationHelper.m */; };
		E24F2923185BC13100957D43 /* ANKChannel+AATTAnnotationHelper.m in Sources */ = {isa = PBXBuildFile; fileRef = E287DA21184CE92F0035CE71 /* ANKChannel+AATTAnnotationHelper.m */; };
		E24F2924185BC13100957D43 /* ANKAnnotatableResource+AATTAnnotationHelper.m in Sources */ = {isa = PBXBuildFile; fileRef = E287DA24184CE9CA0035CE71 /* ANKAnnotatableResource+AATTAnnotationHelper.m */; };
		E24F2926185BC22900957D43 /* ADNKitUtils.h in Headers */ = {isa = PBXBuildFile; fileRef = E2E5A72E18180218009DECDB /* ADNKitUtils.h */; settings = {ATTRIBUTES = (Public, ); }; };
		E24F2930185CD97800957D43 /* NSOrderedDictionary.h in Headers */ = {isa = PBXBuildFile; fileRef = E29A831F1822FF090057245C /* NSOrderedDictionary.h */; settings = {ATTRIBUTES = (Public, ); }; };
		E24F2931185CD97800957D43 /* FMDatabase.h in Headers */ = {isa = PBXBuildFile; fileRef = E29A82DF1821B8AA0057245C /* FMDatabase.h */; settings = {ATTRIBUTES = (Public, ); }; };
		E24F2932185CD97800957D43 /* FMDatabaseAdditions.h in Headers */ = {isa = PBXBuildFile; fileRef = E29A82E11821B8AA0057245C /* FMDatabaseAdditions.h */; settings = {ATTRIBUTES = (Public, ); }; };
		E24F2933185CD97800957D43 /* FMDatabasePool.h in Headers */ = {isa = PBXBuildFile; fileRef = E29A82E31821B8AA0057245C /* FMDatabasePool.h */; settings = {ATTRIBUTES = (Public, ); }; };
		E24F2934185CD97800957D43 /* FMDatabaseQueue.h in Headers */ = {isa = PBXBuildFile; fileRef = E29A82E51821B8AA0057245C /* FMDatabaseQueue.h */; settings = {ATTRIBUTES = (Public, ); }; };
		E24F2935185CD97800957D43 /* FMResultSet.h in Headers */ = {isa = PBXBuildFile; fileRef = E29A82E81821B8AA0057245C /* FMResultSet.h */; settings = {ATTRIBUTES = (Public, ); }; };
		E24F2936185CD97800957D43 /* AATTMessagePlus.h in Headers */ = {isa = PBXBuildFile; fileRef = E29A82FE1821C17E0057245C /* AATTMessagePlus.h */; settings = {ATTRIBUTES = (Public, ); }; };
		E24F2937185CD97800957D43 /* AATTDisplayLocation.h in Headers */ = {isa = PBXBuildFile; fileRef = E29A83011822B42D0057245C /* AATTDisplayLocation.h */; settings = {ATTRIBUTES = (Public, ); }; };
		E24F2938185CD97800957D43 /* AATTGeolocation.h in Headers */ = {isa = PBXBuildFile; fileRef = E2C751771825C2BF003BE00E /* AATTGeolocation.h */; settings = {ATTRIBUTES = (Public, ); }; };
		E24F2939185CD97800957D43 /* AATTBaseMessageInstances.h in Headers */ = {isa = PBXBuildFile; fileRef = E2BA21351825DE150023363A /* AATTBaseMessageInstances.h */; settings = {ATTRIBUTES = (Public, ); }; };
		E24F293A185CD97800957D43 /* AATTDisplayLocationInstances.h in Headers */ = {isa = PBXBuildFile; fileRef = E2BA213B1825DF6E0023363A /* AATTDisplayLocationInstances.h */; settings = {ATTRIBUTES = (Public, ); }; };
		E24F293B185CD97800957D43 /* AATTHashtagInstances.h in Headers */ = {isa = PBXBuildFile; fileRef = E2BA21501826CB5D0023363A /* AATTHashtagInstances.h */; settings = {ATTRIBUTES = (Public, ); }; };
		E24F293C185CD97800957D43 /* AATTPendingFile.h in Headers */ = {isa = PBXBuildFile; fileRef = E2D2F72B185220B000A72B8B /* AATTPendingFile.h */; settings = {ATTRIBUTES = (Public, ); }; };
		E24F293D185CD97800957D43 /* AATTPendingMessageDeletion.h in Headers */ = {isa = PBXBuildFile; fileRef = E24F2513185A736700957D43 /* AATTPendingMessageDeletion.h */; settings = {ATTRIBUTES = (Public, ); }; };
		E24F293E185CD97800957D43 /* AATTADNDatabase.h in Headers */ = {isa = PBXBuildFile; fileRef = E29A82DA1821B1070057245C /* AATTADNDatabase.h */; settings = {ATTRIBUTES = (Public, ); }; };
		E24F293F185CD97800957D43 /* AATTOrderedMessageBatch.h in Headers */ = {isa = PBXBuildFile; fileRef = E29A83041822B6650057245C /* AATTOrderedMessageBatch.h */; settings = {ATTRIBUTES = (Public, ); }; };
		E24F2940185CD97800957D43 /* AATTActionMessageSpec.h in Headers */ = {isa = PBXBuildFile; fileRef = E2D2F71C184FF26B00A72B8B /* AATTActionMessageSpec.h */; settings = {ATTRIBUTES = (Public, ); }; };
		E24F2941185CD97800957D43 /* NSObject+AATTPersistence.h in Headers */ = {isa = PBXBuildFile; fileRef = E287DA2A184E42670035CE71 /* NSObject+AATTPersistence.h */; settings = {ATTRIBUTES = (Public, ); }; };
		E24F2942185CD97800957D43 /* AATTADNPersistence.h in Headers */ = {isa = PBXBuildFile; fileRef = E287DA2D184E42A80035CE71 /* AATTADNPersistence.h */; settings = {ATTRIBUTES = (Public, ); }; };
		E24F2943185CD97800957D43 /* AATTMessageManager.h in Headers */ = {isa = PBXBuildFile; fileRef = E29A82C81821AE770057245C /* AATTMessageManager.h */; settings = {ATTRIBUTES = (Public, ); }; };
		E24F2944185CD97800957D43 /* AATTMessageManagerConfiguration.h in Headers */ = {isa = PBXBuildFile; fileRef = E29A82CB1821AEBC0057245C /* AATTMessageManagerConfiguration.h */; settings = {ATTRIBUTES = (Public, ); }; };
		E24F2945185CD97800957D43 /* AATTMinMaxPair.h in Headers */ = {isa = PBXBuildFile; fileRef = E29A8322182301F00057245C /* AATTMinMaxPair.h */; settings = {ATTRIBUTES = (Public, ); }; };
		E24F2946185CD97800957D43 /* AATTActionMessageManager.h in Headers */ = {isa = PBXBuildFile; fileRef = E287DA1A184BB8D50035CE71 /* AATTActionMessageManager.h */; settings = {ATTRIBUTES = (Public, ); }; };
		E24F2947185CD97800957D43 /* AATTADNFileManager.h in Headers */ = {isa = PBXBuildFile; fileRef = E2D2F72818521E7200A72B8B /* AATTADNFileManager.h */; settings = {ATTRIBUTES = (Public, ); }; };
		E24F2948185CD97800957D43 /* ANKClient+PrivateChannel.h in Headers */ = {isa = PBXBuildFile; fileRef = E2E5A737181805E6009DECDB /* ANKClient+PrivateChannel.h */; settings = {ATTRIBUTES = (Public, ); }; };
		E24F2949185CD97800957D43 /* ANKClient+AATTMessageManager.h in Headers */ = {isa = PBXBuildFile; fileRef = E29A830D1822C49D0057245C /* ANKClient+AATTMessageManager.h */; settings = {ATTRIBUTES = (Public, ); }; };
		E24F294A185CD97800957D43 /* ANKMessage+AATTAnnotationHelper.h in Headers */ = {isa = PBXBuildFile; fileRef = E29A83131822D15D0057245C /* ANKMessage+AATTAnnotationHelper.h */; settings = {ATTRIBUTES = (Public, ); }; };
		E24F294B185CD97800957D43 /* ANKChannel+AATTAnnotationHelper.h in Headers */ = {isa = PBXBuildFile; fileRef = E287DA20184CE92F0035CE71 /* ANKChannel+AATTAnnotationHelper.h */; settings = {ATTRIBUTES = (Public, ); }; };
		E24F294C185CD97800957D43 /* ANKAnnotatableResource+AATTAnnotationHelper.h in Headers */ = {isa = PBXBuildFile; fileRef = E287DA23184CE9CA0035CE71 /* ANKAnnotatableResource+AATTAnnotationHelper.h */; settings = {ATTRIBUTES = (Public, ); }; };
		E24F2966186966E600957D43 /* AATTChannelSyncManager.m in Sources */ = {isa = PBXBuildFile; fileRef = E24F2965186966E600957D43 /* AATTChannelSyncManager.m */; };
		E24F29691869684000957D43 /* AATTChannelSpec.m in Sources */ = {isa = PBXBuildFile; fileRef = E24F29681869684000957D43 /* AATTChannelSpec.m */; };
		E287DA1C184BB8D50035CE71 /* AATTActionMessageManager.m in Sources */ = {isa = PBXBuildFile; fileRef = E287DA1B184BB8D50035CE71 /* AATTActionMessageManager.m */; };
		E287DA22184CE92F0035CE71 /* ANKChannel+AATTAnnotationHelper.m in Sources */ = {isa = PBXBuildFile; fileRef = E287DA21184CE92F0035CE71 /* ANKChannel+AATTAnnotationHelper.m */; };
		E287DA25184CE9CA0035CE71 /* ANKAnnotatableResource+AATTAnnotationHelper.m in Sources */ = {isa = PBXBuildFile; fileRef = E287DA24184CE9CA0035CE71 /* ANKAnnotatableResource+AATTAnnotationHelper.m */; };
		E287DA2C184E42670035CE71 /* NSObject+AATTPersistence.m in Sources */ = {isa = PBXBuildFile; fileRef = E287DA2B184E42670035CE71 /* NSObject+AATTPersistence.m */; };
		E287DA2F184E42A80035CE71 /* AATTADNPersistence.m in Sources */ = {isa = PBXBuildFile; fileRef = E287DA2E184E42A80035CE71 /* AATTADNPersistence.m */; };
		E29A82CA1821AE770057245C /* AATTMessageManager.m in Sources */ = {isa = PBXBuildFile; fileRef = E29A82C91821AE770057245C /* AATTMessageManager.m */; };
		E29A82CD1821AEBC0057245C /* AATTMessageManagerConfiguration.m in Sources */ = {isa = PBXBuildFile; fileRef = E29A82CC1821AEBC0057245C /* AATTMessageManagerConfiguration.m */; };
		E29A82DC1821B1070057245C /* AATTADNDatabase.m in Sources */ = {isa = PBXBuildFile; fileRef = E29A82DB1821B1070057245C /* AATTADNDatabase.m */; };
		E29A82EA1821B8AA0057245C /* FMDatabase.m in Sources */ = {isa = PBXBuildFile; fileRef = E29A82E01821B8AA0057245C /* FMDatabase.m */; };
		E29A82EB1821B8AA0057245C /* FMDatabaseAdditions.m in Sources */ = {isa = PBXBuildFile; fileRef = E29A82E21821B8AA0057245C /* FMDatabaseAdditions.m */; };
		E29A82EC1821B8AA0057245C /* FMDatabasePool.m in Sources */ = {isa = PBXBuildFile; fileRef = E29A82E41821B8AA0057245C /* FMDatabasePool.m */; };
		E29A82ED1821B8AA0057245C /* FMDatabaseQueue.m in Sources */ = {isa = PBXBuildFile; fileRef = E29A82E61821B8AA0057245C /* FMDatabaseQueue.m */; };
		E29A82EF1821B8AA0057245C /* FMResultSet.m in Sources */ = {isa = PBXBuildFile; fileRef = E29A82E91821B8AA0057245C /* FMResultSet.m */; };
		E29A82F11821B8E10057245C /* libsqlite3.dylib in Frameworks */ = {isa = PBXBuildFile; fileRef = E29A82F01821B8E10057245C /* libsqlite3.dylib */; };
		E29A83001821C17E0057245C /* AATTMessagePlus.m in Sources */ = {isa = PBXBuildFile; fileRef = E29A82FF1821C17E0057245C /* AATTMessagePlus.m */; };
		E29A83031822B42D0057245C /* AATTDisplayLocation.m in Sources */ = {isa = PBXBuildFile; fileRef = E29A83021822B42D0057245C /* AATTDisplayLocation.m */; };
		E29A83061822B6650057245C /* AATTOrderedMessageBatch.m in Sources */ = {isa = PBXBuildFile; fileRef = E29A83051822B6650057245C /* AATTOrderedMessageBatch.m */; };
		E29A830F1822C49D0057245C /* ANKClient+AATTMessageManager.m in Sources */ = {isa = PBXBuildFile; fileRef = E29A830E1822C49D0057245C /* ANKClient+AATTMessageManager.m */; };
		E29A83151822D15D0057245C /* ANKMessage+AATTAnnotationHelper.m in Sources */ = {isa = PBXBuildFile; fileRef = E29A83141822D15D0057245C /* ANKMessage+AATTAnnotationHelper.m */; };
		E29A83211822FF090057245C /* NSOrderedDictionary.m in Sources */ = {isa = PBXBuildFile; fileRef = E29A83201822FF090057245C /* NSOrderedDictionary.m */; };
		E29A8324182301F00057245C /* AATTMinMaxPair.m in Sources */ = {isa = PBXBuildFile; fileRef = E29A8323182301F00057245C /* AATTMinMaxPair.m */; };
		E2BA21371825DE150023363A /* AATTBaseMessageInstances.m in Sources */ = {isa = PBXBuildFile; fileRef = E2BA21361825DE150023363A /* AATTBaseMessageInstances.m */; };
		E2BA213D1825DF6E0023363A /* AATTDisplayLocationInstances.m in Sources */ = {isa = PBXBuildFile; fileRef = E2BA213C1825DF6E0023363A /* AATTDisplayLocationInstances.m */; };
		E2BA21521826CB5D0023363A /* AATTHashtagInstances.m in Sources */ = {isa = PBXBuildFile; fileRef = E2BA21511826CB5D0023363A /* AATTHashtagInstances.m */; };
		E2C751791825C2BF003BE00E /* AATTGeolocation.m in Sources */ = {isa = PBXBuildFile; fileRef = E2C751781825C2BF003BE00E /* AATTGeolocation.m */; };
		E2D2F71E184FF26B00A72B8B /* AATTActionMessageSpec.m in Sources */ = {isa = PBXBuildFile; fileRef = E2D2F71D184FF26B00A72B8B /* AATTActionMessageSpec.m */; };
		E2D2F72A18521E7200A72B8B /* AATTADNFileManager.m in Sources */ = {isa = PBXBuildFile; fileRef = E2D2F72918521E7200A72B8B /* AATTADNFileManager.m */; };
		E2D2F72D185220B000A72B8B /* AATTPendingFile.m in Sources */ = {isa = PBXBuildFile; fileRef = E2D2F72C185220B000A72B8B /* AATTPendingFile.m */; };
		E2E5A6DA1817FBF9009DECDB /* Foundation.framework in Frameworks */ = {isa = PBXBuildFile; fileRef = E2E5A6D91817FBF9009DECDB /* Foundation.framework */; };
		E2E5A7221817FDFC009DECDB /* libADNKit-AFNetworking-iOS.a in Frameworks */ = {isa = PBXBuildFile; fileRef = E2E5A71B1817FDC3009DECDB /* libADNKit-AFNetworking-iOS.a */; };
		E2E5A735181805CB009DECDB /* SystemConfiguration.framework in Frameworks */ = {isa = PBXBuildFile; fileRef = E2E5A72A18180190009DECDB /* SystemConfiguration.framework */; };
		E2E5A736181805D0009DECDB /* MobileCoreServices.framework in Frameworks */ = {isa = PBXBuildFile; fileRef = E2E5A7231818004A009DECDB /* MobileCoreServices.framework */; };
		E2E5A739181805E6009DECDB /* ANKClient+PrivateChannel.m in Sources */ = {isa = PBXBuildFile; fileRef = E2E5A738181805E6009DECDB /* ANKClient+PrivateChannel.m */; };
		E2E5A746181822FE009DECDB /* ADNKitUtils.h in CopyFiles */ = {isa = PBXBuildFile; fileRef = E2E5A72E18180218009DECDB /* ADNKitUtils.h */; };
/* End PBXBuildFile section */

/* Begin PBXContainerItemProxy section */
		E24F28AB185BBEFD00957D43 /* PBXContainerItemProxy */ = {
			isa = PBXContainerItemProxy;
			containerPortal = E2E5A7111817FDC3009DECDB /* ADNKit.xcodeproj */;
			proxyType = 1;
			remoteGlobalIDString = 5DC3710716E0808C00190862;
			remoteInfo = "ADNKit-OSX";
		};
		E2E5A7181817FDC3009DECDB /* PBXContainerItemProxy */ = {
			isa = PBXContainerItemProxy;
			containerPortal = E2E5A7111817FDC3009DECDB /* ADNKit.xcodeproj */;
			proxyType = 2;
			remoteGlobalIDString = 5DC370D916E0805E00190862;
			remoteInfo = "ADNKit-iOS";
		};
		E2E5A71A1817FDC3009DECDB /* PBXContainerItemProxy */ = {
			isa = PBXContainerItemProxy;
			containerPortal = E2E5A7111817FDC3009DECDB /* ADNKit.xcodeproj */;
			proxyType = 2;
			remoteGlobalIDString = 2592B80916FF8410004573FF;
			remoteInfo = "ADNKit-AFNetworking-iOS";
		};
		E2E5A71C1817FDC3009DECDB /* PBXContainerItemProxy */ = {
			isa = PBXContainerItemProxy;
			containerPortal = E2E5A7111817FDC3009DECDB /* ADNKit.xcodeproj */;
			proxyType = 2;
			remoteGlobalIDString = 5DC3710816E0808C00190862;
			remoteInfo = "ADNKit-OSX";
		};
		E2E5A71E1817FDC3009DECDB /* PBXContainerItemProxy */ = {
			isa = PBXContainerItemProxy;
			containerPortal = E2E5A7111817FDC3009DECDB /* ADNKit.xcodeproj */;
			proxyType = 2;
			remoteGlobalIDString = 2592B7A016FCED64004573FF;
			remoteInfo = ADNKitTests;
		};
		E2E5A7201817FDE4009DECDB /* PBXContainerItemProxy */ = {
			isa = PBXContainerItemProxy;
			containerPortal = E2E5A7111817FDC3009DECDB /* ADNKit.xcodeproj */;
			proxyType = 1;
			remoteGlobalIDString = 2592B7C416FF8410004573FF;
			remoteInfo = "ADNKit-AFNetworking-iOS";
		};
/* End PBXContainerItemProxy section */

/* Begin PBXCopyFilesBuildPhase section */
		E2E5A6D41817FBF9009DECDB /* CopyFiles */ = {
			isa = PBXCopyFilesBuildPhase;
			buildActionMask = 2147483647;
			dstPath = "include/$(PRODUCT_NAME)";
			dstSubfolderSpec = 16;
			files = (
				E2E5A746181822FE009DECDB /* ADNKitUtils.h in CopyFiles */,
			);
			runOnlyForDeploymentPostprocessing = 0;
		};
/* End PBXCopyFilesBuildPhase section */

/* Begin PBXFileReference section */
		E20F697C187F04870014D5EE /* AATTFilteredMessageBatch.h */ = {isa = PBXFileReference; fileEncoding = 4; lastKnownFileType = sourcecode.c.h; path = AATTFilteredMessageBatch.h; sourceTree = "<group>"; };
		E20F697D187F04870014D5EE /* AATTFilteredMessageBatch.m */ = {isa = PBXFileReference; fileEncoding = 4; lastKnownFileType = sourcecode.c.objc; path = AATTFilteredMessageBatch.m; sourceTree = "<group>"; };
		E23FCAE31874F838009FFDFC /* AATTChannelSpecSet.h */ = {isa = PBXFileReference; fileEncoding = 4; lastKnownFileType = sourcecode.c.h; path = AATTChannelSpecSet.h; sourceTree = "<group>"; };
		E23FCAE41874F838009FFDFC /* AATTChannelSpecSet.m */ = {isa = PBXFileReference; fileEncoding = 4; lastKnownFileType = sourcecode.c.objc; path = AATTChannelSpecSet.m; sourceTree = "<group>"; };
		E23FCAE818750315009FFDFC /* AATTTargetWithActionChannelsSpecSet.h */ = {isa = PBXFileReference; fileEncoding = 4; lastKnownFileType = sourcecode.c.h; path = AATTTargetWithActionChannelsSpecSet.h; sourceTree = "<group>"; };
		E23FCAE918750315009FFDFC /* AATTTargetWithActionChannelsSpecSet.m */ = {isa = PBXFileReference; fileEncoding = 4; lastKnownFileType = sourcecode.c.objc; path = AATTTargetWithActionChannelsSpecSet.m; sourceTree = "<group>"; };
		E23FCAEB18751D97009FFDFC /* AATTChannelRefreshResultSet.h */ = {isa = PBXFileReference; fileEncoding = 4; lastKnownFileType = sourcecode.c.h; path = AATTChannelRefreshResultSet.h; sourceTree = "<group>"; };
		E23FCAEC18751D97009FFDFC /* AATTChannelRefreshResultSet.m */ = {isa = PBXFileReference; fileEncoding = 4; lastKnownFileType = sourcecode.c.objc; path = AATTChannelRefreshResultSet.m; sourceTree = "<group>"; };
		E23FCAEE18751E38009FFDFC /* AATTChannelRefreshResult.h */ = {isa = PBXFileReference; fileEncoding = 4; lastKnownFileType = sourcecode.c.h; path = AATTChannelRefreshResult.h; sourceTree = "<group>"; };
		E23FCAEF18751E38009FFDFC /* AATTChannelRefreshResult.m */ = {isa = PBXFileReference; fileEncoding = 4; lastKnownFileType = sourcecode.c.objc; path = AATTChannelRefreshResult.m; sourceTree = "<group>"; };
		E24F2513185A736700957D43 /* AATTPendingMessageDeletion.h */ = {isa = PBXFileReference; fileEncoding = 4; lastKnownFileType = sourcecode.c.h; path = AATTPendingMessageDeletion.h; sourceTree = "<group>"; };
		E24F2514185A736700957D43 /* AATTPendingMessageDeletion.m */ = {isa = PBXFileReference; fileEncoding = 4; lastKnownFileType = sourcecode.c.objc; path = AATTPendingMessageDeletion.m; sourceTree = "<group>"; };
		E24F2883185BBED000957D43 /* ADNKitUtils-OSX.dylib */ = {isa = PBXFileReference; explicitFileType = "compiled.mach-o.dylib"; includeInIndex = 0; path = "ADNKitUtils-OSX.dylib"; sourceTree = BUILT_PRODUCTS_DIR; };
		E24F2884185BBED000957D43 /* Cocoa.framework */ = {isa = PBXFileReference; lastKnownFileType = wrapper.framework; name = Cocoa.framework; path = Library/Frameworks/Cocoa.framework; sourceTree = DEVELOPER_DIR; };
		E24F2887185BBED000957D43 /* Foundation.framework */ = {isa = PBXFileReference; lastKnownFileType = wrapper.framework; name = Foundation.framework; path = Library/Frameworks/Foundation.framework; sourceTree = SDKROOT; };
		E24F2888185BBED000957D43 /* CoreData.framework */ = {isa = PBXFileReference; lastKnownFileType = wrapper.framework; name = CoreData.framework; path = Library/Frameworks/CoreData.framework; sourceTree = SDKROOT; };
		E24F2889185BBED000957D43 /* AppKit.framework */ = {isa = PBXFileReference; lastKnownFileType = wrapper.framework; name = AppKit.framework; path = Library/Frameworks/AppKit.framework; sourceTree = SDKROOT; };
		E24F28FC185BC03A00957D43 /* libsqlite3.0.dylib */ = {isa = PBXFileReference; lastKnownFileType = "compiled.mach-o.dylib"; name = libsqlite3.0.dylib; path = Platforms/MacOSX.platform/Developer/SDKs/MacOSX10.9.sdk/usr/lib/libsqlite3.0.dylib; sourceTree = DEVELOPER_DIR; };
		E24F28FE185BC04500957D43 /* libsqlite3.dylib */ = {isa = PBXFileReference; lastKnownFileType = "compiled.mach-o.dylib"; name = libsqlite3.dylib; path = Platforms/MacOSX.platform/Developer/SDKs/MacOSX10.9.sdk/usr/lib/libsqlite3.dylib; sourceTree = DEVELOPER_DIR; };
		E24F2901185BC07400957D43 /* CoreServices.framework */ = {isa = PBXFileReference; lastKnownFileType = wrapper.framework; name = CoreServices.framework; path = Platforms/MacOSX.platform/Developer/SDKs/MacOSX10.9.sdk/System/Library/Frameworks/CoreServices.framework; sourceTree = DEVELOPER_DIR; };
		E24F2903185BC07E00957D43 /* SystemConfiguration.framework */ = {isa = PBXFileReference; lastKnownFileType = wrapper.framework; name = SystemConfiguration.framework; path = Platforms/MacOSX.platform/Developer/SDKs/MacOSX10.9.sdk/System/Library/Frameworks/SystemConfiguration.framework; sourceTree = DEVELOPER_DIR; };
		E24F2905185BC08400957D43 /* Foundation.framework */ = {isa = PBXFileReference; lastKnownFileType = wrapper.framework; name = Foundation.framework; path = Platforms/MacOSX.platform/Developer/SDKs/MacOSX10.9.sdk/System/Library/Frameworks/Foundation.framework; sourceTree = DEVELOPER_DIR; };
		E24F2927185BC3BC00957D43 /* ADNKitUtils-OSX-Prefix.pch */ = {isa = PBXFileReference; lastKnownFileType = sourcecode.c.h; name = "ADNKitUtils-OSX-Prefix.pch"; path = "ADNKitUtils-OSX/ADNKitUtils-OSX-Prefix.pch"; sourceTree = SOURCE_ROOT; };
		E24F2964186966E600957D43 /* AATTChannelSyncManager.h */ = {isa = PBXFileReference; fileEncoding = 4; lastKnownFileType = sourcecode.c.h; path = AATTChannelSyncManager.h; sourceTree = "<group>"; };
		E24F2965186966E600957D43 /* AATTChannelSyncManager.m */ = {isa = PBXFileReference; fileEncoding = 4; lastKnownFileType = sourcecode.c.objc; path = AATTChannelSyncManager.m; sourceTree = "<group>"; };
		E24F29671869684000957D43 /* AATTChannelSpec.h */ = {isa = PBXFileReference; fileEncoding = 4; lastKnownFileType = sourcecode.c.h; path = AATTChannelSpec.h; sourceTree = "<group>"; };
		E24F29681869684000957D43 /* AATTChannelSpec.m */ = {isa = PBXFileReference; fileEncoding = 4; lastKnownFileType = sourcecode.c.objc; path = AATTChannelSpec.m; sourceTree = "<group>"; };
		E287DA1A184BB8D50035CE71 /* AATTActionMessageManager.h */ = {isa = PBXFileReference; fileEncoding = 4; lastKnownFileType = sourcecode.c.h; path = AATTActionMessageManager.h; sourceTree = "<group>"; };
		E287DA1B184BB8D50035CE71 /* AATTActionMessageManager.m */ = {isa = PBXFileReference; fileEncoding = 4; lastKnownFileType = sourcecode.c.objc; path = AATTActionMessageManager.m; sourceTree = "<group>"; };
		E287DA20184CE92F0035CE71 /* ANKChannel+AATTAnnotationHelper.h */ = {isa = PBXFileReference; fileEncoding = 4; lastKnownFileType = sourcecode.c.h; path = "ANKChannel+AATTAnnotationHelper.h"; sourceTree = "<group>"; };
		E287DA21184CE92F0035CE71 /* ANKChannel+AATTAnnotationHelper.m */ = {isa = PBXFileReference; fileEncoding = 4; lastKnownFileType = sourcecode.c.objc; path = "ANKChannel+AATTAnnotationHelper.m"; sourceTree = "<group>"; };
		E287DA23184CE9CA0035CE71 /* ANKAnnotatableResource+AATTAnnotationHelper.h */ = {isa = PBXFileReference; fileEncoding = 4; lastKnownFileType = sourcecode.c.h; path = "ANKAnnotatableResource+AATTAnnotationHelper.h"; sourceTree = "<group>"; };
		E287DA24184CE9CA0035CE71 /* ANKAnnotatableResource+AATTAnnotationHelper.m */ = {isa = PBXFileReference; fileEncoding = 4; lastKnownFileType = sourcecode.c.objc; path = "ANKAnnotatableResource+AATTAnnotationHelper.m"; sourceTree = "<group>"; };
		E287DA2A184E42670035CE71 /* NSObject+AATTPersistence.h */ = {isa = PBXFileReference; fileEncoding = 4; lastKnownFileType = sourcecode.c.h; path = "NSObject+AATTPersistence.h"; sourceTree = "<group>"; };
		E287DA2B184E42670035CE71 /* NSObject+AATTPersistence.m */ = {isa = PBXFileReference; fileEncoding = 4; lastKnownFileType = sourcecode.c.objc; path = "NSObject+AATTPersistence.m"; sourceTree = "<group>"; };
		E287DA2D184E42A80035CE71 /* AATTADNPersistence.h */ = {isa = PBXFileReference; fileEncoding = 4; lastKnownFileType = sourcecode.c.h; path = AATTADNPersistence.h; sourceTree = "<group>"; };
		E287DA2E184E42A80035CE71 /* AATTADNPersistence.m */ = {isa = PBXFileReference; fileEncoding = 4; lastKnownFileType = sourcecode.c.objc; path = AATTADNPersistence.m; sourceTree = "<group>"; };
		E29A82C81821AE770057245C /* AATTMessageManager.h */ = {isa = PBXFileReference; fileEncoding = 4; lastKnownFileType = sourcecode.c.h; path = AATTMessageManager.h; sourceTree = "<group>"; };
		E29A82C91821AE770057245C /* AATTMessageManager.m */ = {isa = PBXFileReference; fileEncoding = 4; lastKnownFileType = sourcecode.c.objc; path = AATTMessageManager.m; sourceTree = "<group>"; };
		E29A82CB1821AEBC0057245C /* AATTMessageManagerConfiguration.h */ = {isa = PBXFileReference; fileEncoding = 4; lastKnownFileType = sourcecode.c.h; path = AATTMessageManagerConfiguration.h; sourceTree = "<group>"; };
		E29A82CC1821AEBC0057245C /* AATTMessageManagerConfiguration.m */ = {isa = PBXFileReference; fileEncoding = 4; lastKnownFileType = sourcecode.c.objc; path = AATTMessageManagerConfiguration.m; sourceTree = "<group>"; };
		E29A82DA1821B1070057245C /* AATTADNDatabase.h */ = {isa = PBXFileReference; fileEncoding = 4; lastKnownFileType = sourcecode.c.h; path = AATTADNDatabase.h; sourceTree = "<group>"; };
		E29A82DB1821B1070057245C /* AATTADNDatabase.m */ = {isa = PBXFileReference; fileEncoding = 4; lastKnownFileType = sourcecode.c.objc; path = AATTADNDatabase.m; sourceTree = "<group>"; };
		E29A82DF1821B8AA0057245C /* FMDatabase.h */ = {isa = PBXFileReference; fileEncoding = 4; lastKnownFileType = sourcecode.c.h; name = FMDatabase.h; path = fmdb/src/FMDatabase.h; sourceTree = "<group>"; };
		E29A82E01821B8AA0057245C /* FMDatabase.m */ = {isa = PBXFileReference; fileEncoding = 4; lastKnownFileType = sourcecode.c.objc; name = FMDatabase.m; path = fmdb/src/FMDatabase.m; sourceTree = "<group>"; };
		E29A82E11821B8AA0057245C /* FMDatabaseAdditions.h */ = {isa = PBXFileReference; fileEncoding = 4; lastKnownFileType = sourcecode.c.h; name = FMDatabaseAdditions.h; path = fmdb/src/FMDatabaseAdditions.h; sourceTree = "<group>"; };
		E29A82E21821B8AA0057245C /* FMDatabaseAdditions.m */ = {isa = PBXFileReference; fileEncoding = 4; lastKnownFileType = sourcecode.c.objc; name = FMDatabaseAdditions.m; path = fmdb/src/FMDatabaseAdditions.m; sourceTree = "<group>"; };
		E29A82E31821B8AA0057245C /* FMDatabasePool.h */ = {isa = PBXFileReference; fileEncoding = 4; lastKnownFileType = sourcecode.c.h; name = FMDatabasePool.h; path = fmdb/src/FMDatabasePool.h; sourceTree = "<group>"; };
		E29A82E41821B8AA0057245C /* FMDatabasePool.m */ = {isa = PBXFileReference; fileEncoding = 4; lastKnownFileType = sourcecode.c.objc; name = FMDatabasePool.m; path = fmdb/src/FMDatabasePool.m; sourceTree = "<group>"; };
		E29A82E51821B8AA0057245C /* FMDatabaseQueue.h */ = {isa = PBXFileReference; fileEncoding = 4; lastKnownFileType = sourcecode.c.h; name = FMDatabaseQueue.h; path = fmdb/src/FMDatabaseQueue.h; sourceTree = "<group>"; };
		E29A82E61821B8AA0057245C /* FMDatabaseQueue.m */ = {isa = PBXFileReference; fileEncoding = 4; lastKnownFileType = sourcecode.c.objc; name = FMDatabaseQueue.m; path = fmdb/src/FMDatabaseQueue.m; sourceTree = "<group>"; };
		E29A82E71821B8AA0057245C /* fmdb.m */ = {isa = PBXFileReference; fileEncoding = 4; lastKnownFileType = sourcecode.c.objc; name = fmdb.m; path = fmdb/src/fmdb.m; sourceTree = "<group>"; };
		E29A82E81821B8AA0057245C /* FMResultSet.h */ = {isa = PBXFileReference; fileEncoding = 4; lastKnownFileType = sourcecode.c.h; name = FMResultSet.h; path = fmdb/src/FMResultSet.h; sourceTree = "<group>"; };
		E29A82E91821B8AA0057245C /* FMResultSet.m */ = {isa = PBXFileReference; fileEncoding = 4; lastKnownFileType = sourcecode.c.objc; name = FMResultSet.m; path = fmdb/src/FMResultSet.m; sourceTree = "<group>"; };
		E29A82F01821B8E10057245C /* libsqlite3.dylib */ = {isa = PBXFileReference; lastKnownFileType = "compiled.mach-o.dylib"; name = libsqlite3.dylib; path = usr/lib/libsqlite3.dylib; sourceTree = SDKROOT; };
		E29A82FE1821C17E0057245C /* AATTMessagePlus.h */ = {isa = PBXFileReference; fileEncoding = 4; lastKnownFileType = sourcecode.c.h; path = AATTMessagePlus.h; sourceTree = "<group>"; };
		E29A82FF1821C17E0057245C /* AATTMessagePlus.m */ = {isa = PBXFileReference; fileEncoding = 4; lastKnownFileType = sourcecode.c.objc; path = AATTMessagePlus.m; sourceTree = "<group>"; };
		E29A83011822B42D0057245C /* AATTDisplayLocation.h */ = {isa = PBXFileReference; fileEncoding = 4; lastKnownFileType = sourcecode.c.h; path = AATTDisplayLocation.h; sourceTree = "<group>"; };
		E29A83021822B42D0057245C /* AATTDisplayLocation.m */ = {isa = PBXFileReference; fileEncoding = 4; lastKnownFileType = sourcecode.c.objc; path = AATTDisplayLocation.m; sourceTree = "<group>"; };
		E29A83041822B6650057245C /* AATTOrderedMessageBatch.h */ = {isa = PBXFileReference; fileEncoding = 4; lastKnownFileType = sourcecode.c.h; path = AATTOrderedMessageBatch.h; sourceTree = "<group>"; };
		E29A83051822B6650057245C /* AATTOrderedMessageBatch.m */ = {isa = PBXFileReference; fileEncoding = 4; lastKnownFileType = sourcecode.c.objc; path = AATTOrderedMessageBatch.m; sourceTree = "<group>"; };
		E29A830D1822C49D0057245C /* ANKClient+AATTMessageManager.h */ = {isa = PBXFileReference; fileEncoding = 4; lastKnownFileType = sourcecode.c.h; path = "ANKClient+AATTMessageManager.h"; sourceTree = "<group>"; };
		E29A830E1822C49D0057245C /* ANKClient+AATTMessageManager.m */ = {isa = PBXFileReference; fileEncoding = 4; lastKnownFileType = sourcecode.c.objc; path = "ANKClient+AATTMessageManager.m"; sourceTree = "<group>"; };
		E29A83131822D15D0057245C /* ANKMessage+AATTAnnotationHelper.h */ = {isa = PBXFileReference; fileEncoding = 4; lastKnownFileType = sourcecode.c.h; path = "ANKMessage+AATTAnnotationHelper.h"; sourceTree = "<group>"; };
		E29A83141822D15D0057245C /* ANKMessage+AATTAnnotationHelper.m */ = {isa = PBXFileReference; fileEncoding = 4; lastKnownFileType = sourcecode.c.objc; path = "ANKMessage+AATTAnnotationHelper.m"; sourceTree = "<group>"; };
		E29A831F1822FF090057245C /* NSOrderedDictionary.h */ = {isa = PBXFileReference; fileEncoding = 4; lastKnownFileType = sourcecode.c.h; name = NSOrderedDictionary.h; path = NSOrderedDictionary/NSOrderedDictionary.h; sourceTree = "<group>"; };
		E29A83201822FF090057245C /* NSOrderedDictionary.m */ = {isa = PBXFileReference; fileEncoding = 4; lastKnownFileType = sourcecode.c.objc; name = NSOrderedDictionary.m; path = NSOrderedDictionary/NSOrderedDictionary.m; sourceTree = "<group>"; };
		E29A8322182301F00057245C /* AATTMinMaxPair.h */ = {isa = PBXFileReference; fileEncoding = 4; lastKnownFileType = sourcecode.c.h; path = AATTMinMaxPair.h; sourceTree = "<group>"; };
		E29A8323182301F00057245C /* AATTMinMaxPair.m */ = {isa = PBXFileReference; fileEncoding = 4; lastKnownFileType = sourcecode.c.objc; path = AATTMinMaxPair.m; sourceTree = "<group>"; };
		E2BA21351825DE150023363A /* AATTBaseMessageInstances.h */ = {isa = PBXFileReference; fileEncoding = 4; lastKnownFileType = sourcecode.c.h; path = AATTBaseMessageInstances.h; sourceTree = "<group>"; };
		E2BA21361825DE150023363A /* AATTBaseMessageInstances.m */ = {isa = PBXFileReference; fileEncoding = 4; lastKnownFileType = sourcecode.c.objc; path = AATTBaseMessageInstances.m; sourceTree = "<group>"; };
		E2BA213B1825DF6E0023363A /* AATTDisplayLocationInstances.h */ = {isa = PBXFileReference; fileEncoding = 4; lastKnownFileType = sourcecode.c.h; path = AATTDisplayLocationInstances.h; sourceTree = "<group>"; };
		E2BA213C1825DF6E0023363A /* AATTDisplayLocationInstances.m */ = {isa = PBXFileReference; fileEncoding = 4; lastKnownFileType = sourcecode.c.objc; path = AATTDisplayLocationInstances.m; sourceTree = "<group>"; };
		E2BA21501826CB5D0023363A /* AATTHashtagInstances.h */ = {isa = PBXFileReference; fileEncoding = 4; lastKnownFileType = sourcecode.c.h; path = AATTHashtagInstances.h; sourceTree = "<group>"; };
		E2BA21511826CB5D0023363A /* AATTHashtagInstances.m */ = {isa = PBXFileReference; fileEncoding = 4; lastKnownFileType = sourcecode.c.objc; path = AATTHashtagInstances.m; sourceTree = "<group>"; };
		E2C751771825C2BF003BE00E /* AATTGeolocation.h */ = {isa = PBXFileReference; fileEncoding = 4; lastKnownFileType = sourcecode.c.h; path = AATTGeolocation.h; sourceTree = "<group>"; };
		E2C751781825C2BF003BE00E /* AATTGeolocation.m */ = {isa = PBXFileReference; fileEncoding = 4; lastKnownFileType = sourcecode.c.objc; path = AATTGeolocation.m; sourceTree = "<group>"; };
		E2D2F71C184FF26B00A72B8B /* AATTActionMessageSpec.h */ = {isa = PBXFileReference; fileEncoding = 4; lastKnownFileType = sourcecode.c.h; path = AATTActionMessageSpec.h; sourceTree = "<group>"; };
		E2D2F71D184FF26B00A72B8B /* AATTActionMessageSpec.m */ = {isa = PBXFileReference; fileEncoding = 4; lastKnownFileType = sourcecode.c.objc; path = AATTActionMessageSpec.m; sourceTree = "<group>"; };
		E2D2F72818521E7200A72B8B /* AATTADNFileManager.h */ = {isa = PBXFileReference; fileEncoding = 4; lastKnownFileType = sourcecode.c.h; path = AATTADNFileManager.h; sourceTree = "<group>"; };
		E2D2F72918521E7200A72B8B /* AATTADNFileManager.m */ = {isa = PBXFileReference; fileEncoding = 4; lastKnownFileType = sourcecode.c.objc; path = AATTADNFileManager.m; sourceTree = "<group>"; };
		E2D2F72B185220B000A72B8B /* AATTPendingFile.h */ = {isa = PBXFileReference; fileEncoding = 4; lastKnownFileType = sourcecode.c.h; path = AATTPendingFile.h; sourceTree = "<group>"; };
		E2D2F72C185220B000A72B8B /* AATTPendingFile.m */ = {isa = PBXFileReference; fileEncoding = 4; lastKnownFileType = sourcecode.c.objc; path = AATTPendingFile.m; sourceTree = "<group>"; };
		E2E5A6D61817FBF9009DECDB /* libADNKitUtils.a */ = {isa = PBXFileReference; explicitFileType = archive.ar; includeInIndex = 0; path = libADNKitUtils.a; sourceTree = BUILT_PRODUCTS_DIR; };
		E2E5A6D91817FBF9009DECDB /* Foundation.framework */ = {isa = PBXFileReference; lastKnownFileType = wrapper.framework; name = Foundation.framework; path = System/Library/Frameworks/Foundation.framework; sourceTree = SDKROOT; };
		E2E5A6DD1817FBF9009DECDB /* ADNKitUtils-Prefix.pch */ = {isa = PBXFileReference; lastKnownFileType = sourcecode.c.h; path = "ADNKitUtils-Prefix.pch"; sourceTree = "<group>"; };
		E2E5A6E71817FBF9009DECDB /* XCTest.framework */ = {isa = PBXFileReference; lastKnownFileType = wrapper.framework; name = XCTest.framework; path = Library/Frameworks/XCTest.framework; sourceTree = DEVELOPER_DIR; };
		E2E5A6EA1817FBF9009DECDB /* UIKit.framework */ = {isa = PBXFileReference; lastKnownFileType = wrapper.framework; name = UIKit.framework; path = Library/Frameworks/UIKit.framework; sourceTree = DEVELOPER_DIR; };
		E2E5A7111817FDC3009DECDB /* ADNKit.xcodeproj */ = {isa = PBXFileReference; lastKnownFileType = "wrapper.pb-project"; name = ADNKit.xcodeproj; path = ADNKit/ADNKit.xcodeproj; sourceTree = "<group>"; };
		E2E5A7231818004A009DECDB /* MobileCoreServices.framework */ = {isa = PBXFileReference; lastKnownFileType = wrapper.framework; name = MobileCoreServices.framework; path = System/Library/Frameworks/MobileCoreServices.framework; sourceTree = SDKROOT; };
		E2E5A72518180053009DECDB /* CFNetwork.framework */ = {isa = PBXFileReference; lastKnownFileType = wrapper.framework; name = CFNetwork.framework; path = System/Library/Frameworks/CFNetwork.framework; sourceTree = SDKROOT; };
		E2E5A72718180058009DECDB /* CoreLocation.framework */ = {isa = PBXFileReference; lastKnownFileType = wrapper.framework; name = CoreLocation.framework; path = System/Library/Frameworks/CoreLocation.framework; sourceTree = SDKROOT; };
		E2E5A72A18180190009DECDB /* SystemConfiguration.framework */ = {isa = PBXFileReference; lastKnownFileType = wrapper.framework; name = SystemConfiguration.framework; path = System/Library/Frameworks/SystemConfiguration.framework; sourceTree = SDKROOT; };
		E2E5A72E18180218009DECDB /* ADNKitUtils.h */ = {isa = PBXFileReference; fileEncoding = 4; lastKnownFileType = sourcecode.c.h; path = ADNKitUtils.h; sourceTree = "<group>"; };
		E2E5A737181805E6009DECDB /* ANKClient+PrivateChannel.h */ = {isa = PBXFileReference; fileEncoding = 4; lastKnownFileType = sourcecode.c.h; path = "ANKClient+PrivateChannel.h"; sourceTree = "<group>"; };
		E2E5A738181805E6009DECDB /* ANKClient+PrivateChannel.m */ = {isa = PBXFileReference; fileEncoding = 4; lastKnownFileType = sourcecode.c.objc; path = "ANKClient+PrivateChannel.m"; sourceTree = "<group>"; };
/* End PBXFileReference section */

/* Begin PBXFrameworksBuildPhase section */
		E24F2880185BBED000957D43 /* Frameworks */ = {
			isa = PBXFrameworksBuildPhase;
			buildActionMask = 2147483647;
			files = (
				E24F2906185BC08400957D43 /* Foundation.framework in Frameworks */,
				E24F2904185BC07E00957D43 /* SystemConfiguration.framework in Frameworks */,
				E24F2902185BC07400957D43 /* CoreServices.framework in Frameworks */,
				E24F2900185BC05900957D43 /* ADNKit.framework in Frameworks */,
				E24F28FF185BC04500957D43 /* libsqlite3.dylib in Frameworks */,
				E24F2885185BBED000957D43 /* Cocoa.framework in Frameworks */,
			);
			runOnlyForDeploymentPostprocessing = 0;
		};
		E2E5A6D31817FBF9009DECDB /* Frameworks */ = {
			isa = PBXFrameworksBuildPhase;
			buildActionMask = 2147483647;
			files = (
				E29A82F11821B8E10057245C /* libsqlite3.dylib in Frameworks */,
				E2E5A736181805D0009DECDB /* MobileCoreServices.framework in Frameworks */,
				E2E5A735181805CB009DECDB /* SystemConfiguration.framework in Frameworks */,
				E2E5A7221817FDFC009DECDB /* libADNKit-AFNetworking-iOS.a in Frameworks */,
				E2E5A6DA1817FBF9009DECDB /* Foundation.framework in Frameworks */,
			);
			runOnlyForDeploymentPostprocessing = 0;
		};
/* End PBXFrameworksBuildPhase section */

/* Begin PBXGroup section */
		E24F2886185BBED000957D43 /* Other Frameworks */ = {
			isa = PBXGroup;
			children = (
				E24F2887185BBED000957D43 /* Foundation.framework */,
				E24F2888185BBED000957D43 /* CoreData.framework */,
				E24F2889185BBED000957D43 /* AppKit.framework */,
			);
			name = "Other Frameworks";
			sourceTree = "<group>";
		};
		E287DA29184E42330035CE71 /* Persistence */ = {
			isa = PBXGroup;
			children = (
				E287DA2A184E42670035CE71 /* NSObject+AATTPersistence.h */,
				E287DA2B184E42670035CE71 /* NSObject+AATTPersistence.m */,
				E287DA2D184E42A80035CE71 /* AATTADNPersistence.h */,
				E287DA2E184E42A80035CE71 /* AATTADNPersistence.m */,
			);
			name = Persistence;
			sourceTree = "<group>";
		};
		E29A82C41821AE490057245C /* Manager */ = {
			isa = PBXGroup;
			children = (
				E29A82C81821AE770057245C /* AATTMessageManager.h */,
				E29A82C91821AE770057245C /* AATTMessageManager.m */,
				E29A82CB1821AEBC0057245C /* AATTMessageManagerConfiguration.h */,
				E29A82CC1821AEBC0057245C /* AATTMessageManagerConfiguration.m */,
				E29A8322182301F00057245C /* AATTMinMaxPair.h */,
				E29A8323182301F00057245C /* AATTMinMaxPair.m */,
				E287DA1A184BB8D50035CE71 /* AATTActionMessageManager.h */,
				E287DA1B184BB8D50035CE71 /* AATTActionMessageManager.m */,
				E2D2F72818521E7200A72B8B /* AATTADNFileManager.h */,
				E2D2F72918521E7200A72B8B /* AATTADNFileManager.m */,
				E24F2964186966E600957D43 /* AATTChannelSyncManager.h */,
				E24F2965186966E600957D43 /* AATTChannelSyncManager.m */,
			);
			name = Manager;
			sourceTree = "<group>";
		};
		E29A82D91821B0DE0057245C /* DB */ = {
			isa = PBXGroup;
			children = (
				E29A82DA1821B1070057245C /* AATTADNDatabase.h */,
				E29A82DB1821B1070057245C /* AATTADNDatabase.m */,
				E29A83041822B6650057245C /* AATTOrderedMessageBatch.h */,
				E29A83051822B6650057245C /* AATTOrderedMessageBatch.m */,
				E2D2F71C184FF26B00A72B8B /* AATTActionMessageSpec.h */,
				E2D2F71D184FF26B00A72B8B /* AATTActionMessageSpec.m */,
				E20F697C187F04870014D5EE /* AATTFilteredMessageBatch.h */,
				E20F697D187F04870014D5EE /* AATTFilteredMessageBatch.m */,
			);
			name = DB;
			sourceTree = "<group>";
		};
		E29A82DE1821B8960057245C /* FMDB */ = {
			isa = PBXGroup;
			children = (
				E29A82DF1821B8AA0057245C /* FMDatabase.h */,
				E29A82E01821B8AA0057245C /* FMDatabase.m */,
				E29A82E11821B8AA0057245C /* FMDatabaseAdditions.h */,
				E29A82E21821B8AA0057245C /* FMDatabaseAdditions.m */,
				E29A82E31821B8AA0057245C /* FMDatabasePool.h */,
				E29A82E41821B8AA0057245C /* FMDatabasePool.m */,
				E29A82E51821B8AA0057245C /* FMDatabaseQueue.h */,
				E29A82E61821B8AA0057245C /* FMDatabaseQueue.m */,
				E29A82E71821B8AA0057245C /* fmdb.m */,
				E29A82E81821B8AA0057245C /* FMResultSet.h */,
				E29A82E91821B8AA0057245C /* FMResultSet.m */,
			);
			name = FMDB;
			sourceTree = "<group>";
		};
		E29A82FD1821C15D0057245C /* Model */ = {
			isa = PBXGroup;
			children = (
				E24F29671869684000957D43 /* AATTChannelSpec.h */,
				E24F29681869684000957D43 /* AATTChannelSpec.m */,
				E23FCAE31874F838009FFDFC /* AATTChannelSpecSet.h */,
				E23FCAE41874F838009FFDFC /* AATTChannelSpecSet.m */,
				E29A82FE1821C17E0057245C /* AATTMessagePlus.h */,
				E29A82FF1821C17E0057245C /* AATTMessagePlus.m */,
				E29A83011822B42D0057245C /* AATTDisplayLocation.h */,
				E29A83021822B42D0057245C /* AATTDisplayLocation.m */,
				E2C751771825C2BF003BE00E /* AATTGeolocation.h */,
				E2C751781825C2BF003BE00E /* AATTGeolocation.m */,
				E2BA21351825DE150023363A /* AATTBaseMessageInstances.h */,
				E2BA21361825DE150023363A /* AATTBaseMessageInstances.m */,
				E2BA213B1825DF6E0023363A /* AATTDisplayLocationInstances.h */,
				E2BA213C1825DF6E0023363A /* AATTDisplayLocationInstances.m */,
				E2BA21501826CB5D0023363A /* AATTHashtagInstances.h */,
				E2BA21511826CB5D0023363A /* AATTHashtagInstances.m */,
				E2D2F72B185220B000A72B8B /* AATTPendingFile.h */,
				E2D2F72C185220B000A72B8B /* AATTPendingFile.m */,
				E24F2513185A736700957D43 /* AATTPendingMessageDeletion.h */,
				E24F2514185A736700957D43 /* AATTPendingMessageDeletion.m */,
				E23FCAE818750315009FFDFC /* AATTTargetWithActionChannelsSpecSet.h */,
				E23FCAE918750315009FFDFC /* AATTTargetWithActionChannelsSpecSet.m */,
				E23FCAEE18751E38009FFDFC /* AATTChannelRefreshResult.h */,
				E23FCAEF18751E38009FFDFC /* AATTChannelRefreshResult.m */,
				E23FCAEB18751D97009FFDFC /* AATTChannelRefreshResultSet.h */,
				E23FCAEC18751D97009FFDFC /* AATTChannelRefreshResultSet.m */,
			);
			name = Model;
			sourceTree = "<group>";
		};
		E29A831E1822FEE90057245C /* NSOrderedDictionary */ = {
			isa = PBXGroup;
			children = (
				E29A831F1822FF090057245C /* NSOrderedDictionary.h */,
				E29A83201822FF090057245C /* NSOrderedDictionary.m */,
			);
			name = NSOrderedDictionary;
			sourceTree = "<group>";
		};
		E2E5A6CD1817FBF9009DECDB = {
			isa = PBXGroup;
			children = (
				E2E5A7111817FDC3009DECDB /* ADNKit.xcodeproj */,
				E29A831E1822FEE90057245C /* NSOrderedDictionary */,
				E29A82DE1821B8960057245C /* FMDB */,
				E2E5A6DB1817FBF9009DECDB /* ADNKitUtils */,
				E2E5A6D81817FBF9009DECDB /* Frameworks */,
				E2E5A6D71817FBF9009DECDB /* Products */,
			);
			sourceTree = "<group>";
		};
		E2E5A6D71817FBF9009DECDB /* Products */ = {
			isa = PBXGroup;
			children = (
				E2E5A6D61817FBF9009DECDB /* libADNKitUtils.a */,
				E24F2883185BBED000957D43 /* ADNKitUtils-OSX.dylib */,
			);
			name = Products;
			sourceTree = "<group>";
		};
		E2E5A6D81817FBF9009DECDB /* Frameworks */ = {
			isa = PBXGroup;
			children = (
				E24F2905185BC08400957D43 /* Foundation.framework */,
				E24F2903185BC07E00957D43 /* SystemConfiguration.framework */,
				E24F2901185BC07400957D43 /* CoreServices.framework */,
				E24F28FE185BC04500957D43 /* libsqlite3.dylib */,
				E24F28FC185BC03A00957D43 /* libsqlite3.0.dylib */,
				E29A82F01821B8E10057245C /* libsqlite3.dylib */,
				E2E5A72A18180190009DECDB /* SystemConfiguration.framework */,
				E2E5A72718180058009DECDB /* CoreLocation.framework */,
				E2E5A72518180053009DECDB /* CFNetwork.framework */,
				E2E5A7231818004A009DECDB /* MobileCoreServices.framework */,
				E2E5A6D91817FBF9009DECDB /* Foundation.framework */,
				E2E5A6E71817FBF9009DECDB /* XCTest.framework */,
				E2E5A6EA1817FBF9009DECDB /* UIKit.framework */,
				E24F2884185BBED000957D43 /* Cocoa.framework */,
				E24F2886185BBED000957D43 /* Other Frameworks */,
			);
			name = Frameworks;
			sourceTree = "<group>";
		};
		E2E5A6DB1817FBF9009DECDB /* ADNKitUtils */ = {
			isa = PBXGroup;
			children = (
				E2E5A72E18180218009DECDB /* ADNKitUtils.h */,
				E29A82FD1821C15D0057245C /* Model */,
				E29A82D91821B0DE0057245C /* DB */,
				E287DA29184E42330035CE71 /* Persistence */,
				E29A82C41821AE490057245C /* Manager */,
				E2E5A7311818024E009DECDB /* Categories */,
				E2E5A6DC1817FBF9009DECDB /* Supporting Files */,
			);
			path = ADNKitUtils;
			sourceTree = "<group>";
		};
		E2E5A6DC1817FBF9009DECDB /* Supporting Files */ = {
			isa = PBXGroup;
			children = (
				E2E5A6DD1817FBF9009DECDB /* ADNKitUtils-Prefix.pch */,
				E24F2927185BC3BC00957D43 /* ADNKitUtils-OSX-Prefix.pch */,
			);
			name = "Supporting Files";
			sourceTree = "<group>";
		};
		E2E5A7121817FDC3009DECDB /* Products */ = {
			isa = PBXGroup;
			children = (
				E2E5A7191817FDC3009DECDB /* libADNKit-iOS.a */,
				E2E5A71B1817FDC3009DECDB /* libADNKit-AFNetworking-iOS.a */,
				E2E5A71D1817FDC3009DECDB /* ADNKit.framework */,
				E2E5A71F1817FDC3009DECDB /* ADNKitTests.octest */,
			);
			name = Products;
			sourceTree = "<group>";
		};
		E2E5A7311818024E009DECDB /* Categories */ = {
			isa = PBXGroup;
			children = (
				E2E5A737181805E6009DECDB /* ANKClient+PrivateChannel.h */,
				E2E5A738181805E6009DECDB /* ANKClient+PrivateChannel.m */,
				E29A830D1822C49D0057245C /* ANKClient+AATTMessageManager.h */,
				E29A830E1822C49D0057245C /* ANKClient+AATTMessageManager.m */,
				E29A83131822D15D0057245C /* ANKMessage+AATTAnnotationHelper.h */,
				E29A83141822D15D0057245C /* ANKMessage+AATTAnnotationHelper.m */,
				E287DA20184CE92F0035CE71 /* ANKChannel+AATTAnnotationHelper.h */,
				E287DA21184CE92F0035CE71 /* ANKChannel+AATTAnnotationHelper.m */,
				E287DA23184CE9CA0035CE71 /* ANKAnnotatableResource+AATTAnnotationHelper.h */,
				E287DA24184CE9CA0035CE71 /* ANKAnnotatableResource+AATTAnnotationHelper.m */,
			);
			name = Categories;
			sourceTree = "<group>";
		};
/* End PBXGroup section */

/* Begin PBXHeadersBuildPhase section */
		E24F2881185BBED000957D43 /* Headers */ = {
			isa = PBXHeadersBuildPhase;
			buildActionMask = 2147483647;
			files = (
				E24F2926185BC22900957D43 /* ADNKitUtils.h in Headers */,
				E24F2930185CD97800957D43 /* NSOrderedDictionary.h in Headers */,
				E24F2931185CD97800957D43 /* FMDatabase.h in Headers */,
				E24F2932185CD97800957D43 /* FMDatabaseAdditions.h in Headers */,
				E24F2933185CD97800957D43 /* FMDatabasePool.h in Headers */,
				E24F2934185CD97800957D43 /* FMDatabaseQueue.h in Headers */,
				E24F2935185CD97800957D43 /* FMResultSet.h in Headers */,
				E24F2936185CD97800957D43 /* AATTMessagePlus.h in Headers */,
				E24F2937185CD97800957D43 /* AATTDisplayLocation.h in Headers */,
				E24F2938185CD97800957D43 /* AATTGeolocation.h in Headers */,
				E24F2939185CD97800957D43 /* AATTBaseMessageInstances.h in Headers */,
				E24F293A185CD97800957D43 /* AATTDisplayLocationInstances.h in Headers */,
				E24F293B185CD97800957D43 /* AATTHashtagInstances.h in Headers */,
				E24F293C185CD97800957D43 /* AATTPendingFile.h in Headers */,
				E24F293D185CD97800957D43 /* AATTPendingMessageDeletion.h in Headers */,
				E24F293E185CD97800957D43 /* AATTADNDatabase.h in Headers */,
				E24F293F185CD97800957D43 /* AATTOrderedMessageBatch.h in Headers */,
				E24F2940185CD97800957D43 /* AATTActionMessageSpec.h in Headers */,
				E24F2941185CD97800957D43 /* NSObject+AATTPersistence.h in Headers */,
				E24F2942185CD97800957D43 /* AATTADNPersistence.h in Headers */,
				E24F2943185CD97800957D43 /* AATTMessageManager.h in Headers */,
				E24F2944185CD97800957D43 /* AATTMessageManagerConfiguration.h in Headers */,
				E24F2945185CD97800957D43 /* AATTMinMaxPair.h in Headers */,
				E24F2946185CD97800957D43 /* AATTActionMessageManager.h in Headers */,
				E24F2947185CD97800957D43 /* AATTADNFileManager.h in Headers */,
				E24F2948185CD97800957D43 /* ANKClient+PrivateChannel.h in Headers */,
				E24F2949185CD97800957D43 /* ANKClient+AATTMessageManager.h in Headers */,
				E24F294A185CD97800957D43 /* ANKMessage+AATTAnnotationHelper.h in Headers */,
				E24F294B185CD97800957D43 /* ANKChannel+AATTAnnotationHelper.h in Headers */,
				E24F294C185CD97800957D43 /* ANKAnnotatableResource+AATTAnnotationHelper.h in Headers */,
			);
			runOnlyForDeploymentPostprocessing = 0;
		};
/* End PBXHeadersBuildPhase section */

/* Begin PBXNativeTarget section */
		E24F2882185BBED000957D43 /* ADNKitUtils-OSX */ = {
			isa = PBXNativeTarget;
			buildConfigurationList = E24F28A9185BBED100957D43 /* Build configuration list for PBXNativeTarget "ADNKitUtils-OSX" */;
			buildPhases = (
				E24F287F185BBED000957D43 /* Sources */,
				E24F2880185BBED000957D43 /* Frameworks */,
				E24F2881185BBED000957D43 /* Headers */,
			);
			buildRules = (
			);
			dependencies = (
				E24F28AC185BBEFD00957D43 /* PBXTargetDependency */,
			);
			name = "ADNKitUtils-OSX";
			productName = "ADNKitUtils-OSX";
			productReference = E24F2883185BBED000957D43 /* ADNKitUtils-OSX.dylib */;
			productType = "com.apple.product-type.library.dynamic";
		};
		E2E5A6D51817FBF9009DECDB /* ADNKitUtils */ = {
			isa = PBXNativeTarget;
			buildConfigurationList = E2E5A6F91817FBF9009DECDB /* Build configuration list for PBXNativeTarget "ADNKitUtils" */;
			buildPhases = (
				E2E5A6D21817FBF9009DECDB /* Sources */,
				E2E5A6D31817FBF9009DECDB /* Frameworks */,
				E2E5A6D41817FBF9009DECDB /* CopyFiles */,
			);
			buildRules = (
			);
			dependencies = (
				E2E5A7211817FDE4009DECDB /* PBXTargetDependency */,
			);
			name = ADNKitUtils;
			productName = ADNKitUtils;
			productReference = E2E5A6D61817FBF9009DECDB /* libADNKitUtils.a */;
			productType = "com.apple.product-type.library.static";
		};
/* End PBXNativeTarget section */

/* Begin PBXProject section */
		E2E5A6CE1817FBF9009DECDB /* Project object */ = {
			isa = PBXProject;
			attributes = {
				LastUpgradeCheck = 0500;
				ORGANIZATIONNAME = "Always All The Time";
			};
			buildConfigurationList = E2E5A6D11817FBF9009DECDB /* Build configuration list for PBXProject "ADNKitUtils" */;
			compatibilityVersion = "Xcode 3.2";
			developmentRegion = English;
			hasScannedForEncodings = 0;
			knownRegions = (
				en,
			);
			mainGroup = E2E5A6CD1817FBF9009DECDB;
			productRefGroup = E2E5A6D71817FBF9009DECDB /* Products */;
			projectDirPath = "";
			projectReferences = (
				{
					ProductGroup = E2E5A7121817FDC3009DECDB /* Products */;
					ProjectRef = E2E5A7111817FDC3009DECDB /* ADNKit.xcodeproj */;
				},
			);
			projectRoot = "";
			targets = (
				E2E5A6D51817FBF9009DECDB /* ADNKitUtils */,
				E24F2882185BBED000957D43 /* ADNKitUtils-OSX */,
			);
		};
/* End PBXProject section */

/* Begin PBXReferenceProxy section */
		E2E5A7191817FDC3009DECDB /* libADNKit-iOS.a */ = {
			isa = PBXReferenceProxy;
			fileType = archive.ar;
			path = "libADNKit-iOS.a";
			remoteRef = E2E5A7181817FDC3009DECDB /* PBXContainerItemProxy */;
			sourceTree = BUILT_PRODUCTS_DIR;
		};
		E2E5A71B1817FDC3009DECDB /* libADNKit-AFNetworking-iOS.a */ = {
			isa = PBXReferenceProxy;
			fileType = archive.ar;
			path = "libADNKit-AFNetworking-iOS.a";
			remoteRef = E2E5A71A1817FDC3009DECDB /* PBXContainerItemProxy */;
			sourceTree = BUILT_PRODUCTS_DIR;
		};
		E2E5A71D1817FDC3009DECDB /* ADNKit.framework */ = {
			isa = PBXReferenceProxy;
			fileType = wrapper.framework;
			path = ADNKit.framework;
			remoteRef = E2E5A71C1817FDC3009DECDB /* PBXContainerItemProxy */;
			sourceTree = BUILT_PRODUCTS_DIR;
		};
		E2E5A71F1817FDC3009DECDB /* ADNKitTests.octest */ = {
			isa = PBXReferenceProxy;
			fileType = wrapper.cfbundle;
			path = ADNKitTests.octest;
			remoteRef = E2E5A71E1817FDC3009DECDB /* PBXContainerItemProxy */;
			sourceTree = BUILT_PRODUCTS_DIR;
		};
/* End PBXReferenceProxy section */

/* Begin PBXSourcesBuildPhase section */
		E24F287F185BBED000957D43 /* Sources */ = {
			isa = PBXSourcesBuildPhase;
			buildActionMask = 2147483647;
			files = (
				E20F6982187F082A0014D5EE /* AATTChannelSpec.m in Sources */,
				E20F6983187F082A0014D5EE /* AATTChannelSpecSet.m in Sources */,
				E20F6984187F082A0014D5EE /* AATTChannelRefreshResult.m in Sources */,
				E20F6985187F082A0014D5EE /* AATTChannelRefreshResultSet.m in Sources */,
				E20F6986187F082A0014D5EE /* AATTChannelSyncManager.m in Sources */,
				E20F6981187F07FA0014D5EE /* AATTFilteredMessageBatch.m in Sources */,
				E24F2907185BC13100957D43 /* NSOrderedDictionary.m in Sources */,
				E24F2908185BC13100957D43 /* FMDatabase.m in Sources */,
				E24F2909185BC13100957D43 /* FMDatabaseAdditions.m in Sources */,
				E24F290A185BC13100957D43 /* FMDatabasePool.m in Sources */,
				E24F290B185BC13100957D43 /* FMDatabaseQueue.m in Sources */,
				E24F290C185BC13100957D43 /* fmdb.m in Sources */,
				E24F290D185BC13100957D43 /* FMResultSet.m in Sources */,
				E24F290E185BC13100957D43 /* AATTMessagePlus.m in Sources */,
				E24F290F185BC13100957D43 /* AATTDisplayLocation.m in Sources */,
				E24F2910185BC13100957D43 /* AATTGeolocation.m in Sources */,
				E24F2911185BC13100957D43 /* AATTBaseMessageInstances.m in Sources */,
				E24F2912185BC13100957D43 /* AATTDisplayLocationInstances.m in Sources */,
				E24F2913185BC13100957D43 /* AATTHashtagInstances.m in Sources */,
				E24F2914185BC13100957D43 /* AATTPendingFile.m in Sources */,
				E24F2915185BC13100957D43 /* AATTPendingMessageDeletion.m in Sources */,
				E24F2916185BC13100957D43 /* AATTADNDatabase.m in Sources */,
				E24F2917185BC13100957D43 /* AATTOrderedMessageBatch.m in Sources */,
				E24F2918185BC13100957D43 /* AATTActionMessageSpec.m in Sources */,
				E24F2919185BC13100957D43 /* NSObject+AATTPersistence.m in Sources */,
				E24F291A185BC13100957D43 /* AATTADNPersistence.m in Sources */,
				E24F291B185BC13100957D43 /* AATTMessageManager.m in Sources */,
				E24F291C185BC13100957D43 /* AATTMessageManagerConfiguration.m in Sources */,
				E24F291D185BC13100957D43 /* AATTMinMaxPair.m in Sources */,
				E24F291E185BC13100957D43 /* AATTActionMessageManager.m in Sources */,
				E24F291F185BC13100957D43 /* AATTADNFileManager.m in Sources */,
				E24F2920185BC13100957D43 /* ANKClient+PrivateChannel.m in Sources */,
				E24F2921185BC13100957D43 /* ANKClient+AATTMessageManager.m in Sources */,
				E24F2922185BC13100957D43 /* ANKMessage+AATTAnnotationHelper.m in Sources */,
				E24F2923185BC13100957D43 /* ANKChannel+AATTAnnotationHelper.m in Sources */,
				E24F2924185BC13100957D43 /* ANKAnnotatableResource+AATTAnnotationHelper.m in Sources */,
			);
			runOnlyForDeploymentPostprocessing = 0;
		};
		E2E5A6D21817FBF9009DECDB /* Sources */ = {
			isa = PBXSourcesBuildPhase;
			buildActionMask = 2147483647;
			files = (
				E29A82CD1821AEBC0057245C /* AATTMessageManagerConfiguration.m in Sources */,
				E287DA22184CE92F0035CE71 /* ANKChannel+AATTAnnotationHelper.m in Sources */,
				E29A82ED1821B8AA0057245C /* FMDatabaseQueue.m in Sources */,
				E2BA213D1825DF6E0023363A /* AATTDisplayLocationInstances.m in Sources */,
				E29A83031822B42D0057245C /* AATTDisplayLocation.m in Sources */,
				E2E5A739181805E6009DECDB /* ANKClient+PrivateChannel.m in Sources */,
				E23FCAEA18750315009FFDFC /* AATTTargetWithActionChannelsSpecSet.m in Sources */,
				E29A83211822FF090057245C /* NSOrderedDictionary.m in Sources */,
				E287DA2C184E42670035CE71 /* NSObject+AATTPersistence.m in Sources */,
				E2C751791825C2BF003BE00E /* AATTGeolocation.m in Sources */,
				E23FCAE51874F838009FFDFC /* AATTChannelSpecSet.m in Sources */,
				E2D2F72A18521E7200A72B8B /* AATTADNFileManager.m in Sources */,
				E287DA1C184BB8D50035CE71 /* AATTActionMessageManager.m in Sources */,
				E2BA21521826CB5D0023363A /* AATTHashtagInstances.m in Sources */,
				E24F2515185A736700957D43 /* AATTPendingMessageDeletion.m in Sources */,
				E29A82DC1821B1070057245C /* AATTADNDatabase.m in Sources */,
				E29A82EF1821B8AA0057245C /* FMResultSet.m in Sources */,
				E287DA2F184E42A80035CE71 /* AATTADNPersistence.m in Sources */,
				E24F2966186966E600957D43 /* AATTChannelSyncManager.m in Sources */,
				E287DA25184CE9CA0035CE71 /* ANKAnnotatableResource+AATTAnnotationHelper.m in Sources */,
				E29A83061822B6650057245C /* AATTOrderedMessageBatch.m in Sources */,
				E20F697E187F04870014D5EE /* AATTFilteredMessageBatch.m in Sources */,
				E24F29691869684000957D43 /* AATTChannelSpec.m in Sources */,
				E2D2F71E184FF26B00A72B8B /* AATTActionMessageSpec.m in Sources */,
				E23FCAED18751D97009FFDFC /* AATTChannelRefreshResultSet.m in Sources */,
				E2BA21371825DE150023363A /* AATTBaseMessageInstances.m in Sources */,
				E29A82EA1821B8AA0057245C /* FMDatabase.m in Sources */,
				E29A82EC1821B8AA0057245C /* FMDatabasePool.m in Sources */,
				E29A830F1822C49D0057245C /* ANKClient+AATTMessageManager.m in Sources */,
				E23FCAF018751E38009FFDFC /* AATTChannelRefreshResult.m in Sources */,
				E29A8324182301F00057245C /* AATTMinMaxPair.m in Sources */,
				E2D2F72D185220B000A72B8B /* AATTPendingFile.m in Sources */,
				E29A82CA1821AE770057245C /* AATTMessageManager.m in Sources */,
				E29A82EB1821B8AA0057245C /* FMDatabaseAdditions.m in Sources */,
				E29A83001821C17E0057245C /* AATTMessagePlus.m in Sources */,
				E29A83151822D15D0057245C /* ANKMessage+AATTAnnotationHelper.m in Sources */,
			);
			runOnlyForDeploymentPostprocessing = 0;
		};
/* End PBXSourcesBuildPhase section */

/* Begin PBXTargetDependency section */
		E24F28AC185BBEFD00957D43 /* PBXTargetDependency */ = {
			isa = PBXTargetDependency;
			name = "ADNKit-OSX";
			targetProxy = E24F28AB185BBEFD00957D43 /* PBXContainerItemProxy */;
		};
		E2E5A7211817FDE4009DECDB /* PBXTargetDependency */ = {
			isa = PBXTargetDependency;
			name = "ADNKit-AFNetworking-iOS";
			targetProxy = E2E5A7201817FDE4009DECDB /* PBXContainerItemProxy */;
		};
/* End PBXTargetDependency section */

/* Begin XCBuildConfiguration section */
		E24F28A2185BBED100957D43 /* Debug */ = {
			isa = XCBuildConfiguration;
			buildSettings = {
				ARCHS = "$(ARCHS_STANDARD_64_BIT)";
				DYLIB_COMPATIBILITY_VERSION = 1;
				DYLIB_CURRENT_VERSION = 1;
				FRAMEWORK_SEARCH_PATHS = (
					"$(inherited)",
					"$(DEVELOPER_FRAMEWORKS_DIR)",
				);
				GCC_ENABLE_OBJC_EXCEPTIONS = YES;
				GCC_PRECOMPILE_PREFIX_HEADER = YES;
				GCC_PREFIX_HEADER = "ADNKitUtils-OSX/ADNKitUtils-OSX-Prefix.pch";
				GCC_PREPROCESSOR_DEFINITIONS = (
					"DEBUG=1",
					"$(inherited)",
				);
				HEADER_SEARCH_PATHS = (
					"$(inherited)",
					/Applications/Xcode.app/Contents/Developer/Toolchains/XcodeDefault.xctoolchain/usr/include,
					"\"${SRCROOT}/\"/**",
				);
				LD_DYLIB_INSTALL_NAME = "";
				MACH_O_TYPE = mh_dylib;
				MACOSX_DEPLOYMENT_TARGET = 10.9;
				PRODUCT_NAME = "$(TARGET_NAME)";
				SDKROOT = macosx;
			};
			name = Debug;
		};
		E24F28A3185BBED100957D43 /* Release */ = {
			isa = XCBuildConfiguration;
			buildSettings = {
				ARCHS = "$(ARCHS_STANDARD_64_BIT)";
				DEBUG_INFORMATION_FORMAT = "dwarf-with-dsym";
				DYLIB_COMPATIBILITY_VERSION = 1;
				DYLIB_CURRENT_VERSION = 1;
				FRAMEWORK_SEARCH_PATHS = (
					"$(inherited)",
					"$(DEVELOPER_FRAMEWORKS_DIR)",
				);
				GCC_ENABLE_OBJC_EXCEPTIONS = YES;
				GCC_PRECOMPILE_PREFIX_HEADER = YES;
				GCC_PREFIX_HEADER = "ADNKitUtils-OSX/ADNKitUtils-OSX-Prefix.pch";
				HEADER_SEARCH_PATHS = (
					"$(inherited)",
					/Applications/Xcode.app/Contents/Developer/Toolchains/XcodeDefault.xctoolchain/usr/include,
					"\"${SRCROOT}/\"/**",
				);
				LD_DYLIB_INSTALL_NAME = "";
				MACH_O_TYPE = mh_dylib;
				MACOSX_DEPLOYMENT_TARGET = 10.9;
				PRODUCT_NAME = "$(TARGET_NAME)";
				SDKROOT = macosx;
			};
			name = Release;
		};
		E2E5A6F71817FBF9009DECDB /* Debug */ = {
			isa = XCBuildConfiguration;
			buildSettings = {
				ALWAYS_SEARCH_USER_PATHS = NO;
				ARCHS = "$(ARCHS_STANDARD_INCLUDING_64_BIT)";
				CLANG_CXX_LANGUAGE_STANDARD = "gnu++0x";
				CLANG_CXX_LIBRARY = "libc++";
				CLANG_ENABLE_MODULES = YES;
				CLANG_ENABLE_OBJC_ARC = YES;
				CLANG_WARN_BOOL_CONVERSION = YES;
				CLANG_WARN_CONSTANT_CONVERSION = YES;
				CLANG_WARN_DIRECT_OBJC_ISA_USAGE = YES_ERROR;
				CLANG_WARN_EMPTY_BODY = YES;
				CLANG_WARN_ENUM_CONVERSION = YES;
				CLANG_WARN_INT_CONVERSION = YES;
				CLANG_WARN_OBJC_ROOT_CLASS = YES_ERROR;
				CLANG_WARN__DUPLICATE_METHOD_MATCH = YES;
				COPY_PHASE_STRIP = NO;
				GCC_C_LANGUAGE_STANDARD = gnu99;
				GCC_DYNAMIC_NO_PIC = NO;
				GCC_OPTIMIZATION_LEVEL = 0;
				GCC_PREPROCESSOR_DEFINITIONS = (
					"DEBUG=1",
					"$(inherited)",
				);
				GCC_SYMBOLS_PRIVATE_EXTERN = NO;
				GCC_WARN_64_TO_32_BIT_CONVERSION = YES;
				GCC_WARN_ABOUT_RETURN_TYPE = YES_ERROR;
				GCC_WARN_UNDECLARED_SELECTOR = YES;
				GCC_WARN_UNINITIALIZED_AUTOS = YES;
				GCC_WARN_UNUSED_FUNCTION = YES;
				GCC_WARN_UNUSED_VARIABLE = YES;
				IPHONEOS_DEPLOYMENT_TARGET = 7.0;
				ONLY_ACTIVE_ARCH = YES;
				SDKROOT = iphoneos;
			};
			name = Debug;
		};
		E2E5A6F81817FBF9009DECDB /* Release */ = {
			isa = XCBuildConfiguration;
			buildSettings = {
				ALWAYS_SEARCH_USER_PATHS = NO;
				ARCHS = "$(ARCHS_STANDARD_INCLUDING_64_BIT)";
				CLANG_CXX_LANGUAGE_STANDARD = "gnu++0x";
				CLANG_CXX_LIBRARY = "libc++";
				CLANG_ENABLE_MODULES = YES;
				CLANG_ENABLE_OBJC_ARC = YES;
				CLANG_WARN_BOOL_CONVERSION = YES;
				CLANG_WARN_CONSTANT_CONVERSION = YES;
				CLANG_WARN_DIRECT_OBJC_ISA_USAGE = YES_ERROR;
				CLANG_WARN_EMPTY_BODY = YES;
				CLANG_WARN_ENUM_CONVERSION = YES;
				CLANG_WARN_INT_CONVERSION = YES;
				CLANG_WARN_OBJC_ROOT_CLASS = YES_ERROR;
				CLANG_WARN__DUPLICATE_METHOD_MATCH = YES;
				COPY_PHASE_STRIP = YES;
				ENABLE_NS_ASSERTIONS = NO;
				GCC_C_LANGUAGE_STANDARD = gnu99;
				GCC_WARN_64_TO_32_BIT_CONVERSION = YES;
				GCC_WARN_ABOUT_RETURN_TYPE = YES_ERROR;
				GCC_WARN_UNDECLARED_SELECTOR = YES;
				GCC_WARN_UNINITIALIZED_AUTOS = YES;
				GCC_WARN_UNUSED_FUNCTION = YES;
				GCC_WARN_UNUSED_VARIABLE = YES;
				IPHONEOS_DEPLOYMENT_TARGET = 7.0;
				SDKROOT = iphoneos;
				VALIDATE_PRODUCT = YES;
			};
			name = Release;
		};
		E2E5A6FA1817FBF9009DECDB /* Debug */ = {
			isa = XCBuildConfiguration;
			buildSettings = {
				ARCHS = "$(ARCHS_STANDARD)";
				DSTROOT = /tmp/ADNKitUtils.dst;
				GCC_PRECOMPILE_PREFIX_HEADER = YES;
				GCC_PREFIX_HEADER = "ADNKitUtils/ADNKitUtils-Prefix.pch";
				HEADER_SEARCH_PATHS = (
					"$(inherited)",
					/Applications/Xcode.app/Contents/Developer/Toolchains/XcodeDefault.xctoolchain/usr/include,
					"\"${SRCROOT}/\"/**",
				);
				OTHER_LDFLAGS = (
					"-ObjC",
					"-all_load",
				);
				PRODUCT_NAME = "$(TARGET_NAME)";
				SKIP_INSTALL = YES;
			};
			name = Debug;
		};
		E2E5A6FB1817FBF9009DECDB /* Release */ = {
			isa = XCBuildConfiguration;
			buildSettings = {
				ARCHS = "$(ARCHS_STANDARD)";
				DSTROOT = /tmp/ADNKitUtils.dst;
				GCC_PRECOMPILE_PREFIX_HEADER = YES;
				GCC_PREFIX_HEADER = "ADNKitUtils/ADNKitUtils-Prefix.pch";
				HEADER_SEARCH_PATHS = (
					"$(inherited)",
					/Applications/Xcode.app/Contents/Developer/Toolchains/XcodeDefault.xctoolchain/usr/include,
					"\"${SRCROOT}/\"/**",
				);
				OTHER_LDFLAGS = (
					"-ObjC",
					"-all_load",
				);
				PRODUCT_NAME = "$(TARGET_NAME)";
				SKIP_INSTALL = YES;
			};
			name = Release;
		};
/* End XCBuildConfiguration section */

/* Begin XCConfigurationList section */
		E24F28A9185BBED100957D43 /* Build configuration list for PBXNativeTarget "ADNKitUtils-OSX" */ = {
			isa = XCConfigurationList;
			buildConfigurations = (
				E24F28A2185BBED100957D43 /* Debug */,
				E24F28A3185BBED100957D43 /* Release */,
			);
			defaultConfigurationIsVisible = 0;
			defaultConfigurationName = Release;
		};
		E2E5A6D11817FBF9009DECDB /* Build configuration list for PBXProject "ADNKitUtils" */ = {
			isa = XCConfigurationList;
			buildConfigurations = (
				E2E5A6F71817FBF9009DECDB /* Debug */,
				E2E5A6F81817FBF9009DECDB /* Release */,
			);
			defaultConfigurationIsVisible = 0;
			defaultConfigurationName = Release;
		};
		E2E5A6F91817FBF9009DECDB /* Build configuration list for PBXNativeTarget "ADNKitUtils" */ = {
			isa = XCConfigurationList;
			buildConfigurations = (
				E2E5A6FA1817FBF9009DECDB /* Debug */,
				E2E5A6FB1817FBF9009DECDB /* Release */,
			);
			defaultConfigurationIsVisible = 0;
			defaultConfigurationName = Release;
		};
/* End XCConfigurationList section */
	};
	rootObject = E2E5A6CE1817FBF9009DECDB /* Project object */;
}
